
Microsoft Visual Studio Solution File, Format Version 12.00
# Visual Studio Version 17
VisualStudioVersion = 17.8.34322.80
MinimumVisualStudioVersion = 10.0.40219.1
Project("{FAE04EC0-301F-11D3-BF4B-00C04F79EFBC}") = "ChatHub", "ChatHub\ChatHub.csproj", "{C473E573-530A-47CB-B19E-540A1E98CE9A}"
EndProject
Global
	GlobalSection(SolutionConfigurationPlatforms) = preSolution
		Debug|Any CPU = Debug|Any CPU
		Release|Any CPU = Release|Any CPU
	EndGlobalSection
	GlobalSection(ProjectConfigurationPlatforms) = postSolution
		{C473E573-530A-47CB-B19E-540A1E98CE9A}.Debug|Any CPU.ActiveCfg = Debug|Any CPU
		{C473E573-530A-47CB-B19E-540A1E98CE9A}.Debug|Any CPU.Build.0 = Debug|Any CPU
		{C473E573-530A-47CB-B19E-540A1E98CE9A}.Release|Any CPU.ActiveCfg = Release|Any CPU
		{C473E573-530A-47CB-B19E-540A1E98CE9A}.Release|Any CPU.Build.0 = Release|Any CPU
	EndGlobalSection
	GlobalSection(SolutionProperties) = preSolution
		HideSolutionNode = FALSE
	EndGlobalSection
	GlobalSection(ExtensibilityGlobals) = postSolution
		SolutionGuid = {D3478389-5FCF-40A7-B5A9-29DCB12F5BB3}
	EndGlobalSection
EndGlobal
